
Microsoft Visual Studio Solution File, Format Version 12.00
# Visual Studio Version 18
VisualStudioVersion = 18.0.11018.127
MinimumVisualStudioVersion = 10.0.40219.1
Project("{9A19103F-16F7-4668-BE54-9A1E7A4F7556}") = "SNRHos", "SNRHos\SNRHos.csproj", "{C3FFA8E8-DBC3-4198-9474-724034DAD4EF}"
EndProject
Project("{2150E333-8FDC-42A3-9474-1A3956D46DE8}") = "Github", "Github", "{5311ED69-4283-4996-BB2E-6B71B6CF8222}"
	ProjectSection(SolutionItems) = preProject
		CODE_OF_CONDUCT.md = CODE_OF_CONDUCT.md
		CONTRIBUTING.md = CONTRIBUTING.md
		images.jpg = images.jpg
		LICENSE = LICENSE
		nuget.config = nuget.config
		README.md = README.md
	EndProjectSection
EndProject
Global
	GlobalSection(SolutionConfigurationPlatforms) = preSolution
		Debug|Any CPU = Debug|Any CPU
		Debug|ARM = Debug|ARM
		Debug|ARM64 = Debug|ARM64
		Debug|x64 = Debug|x64
		Debug|x86 = Debug|x86
		Release|Any CPU = Release|Any CPU
		Release|ARM = Release|ARM
		Release|ARM64 = Release|ARM64
		Release|x64 = Release|x64
		Release|x86 = Release|x86
	EndGlobalSection
	GlobalSection(ProjectConfigurationPlatforms) = postSolution
		{C3FFA8E8-DBC3-4198-9474-724034DAD4EF}.Debug|Any CPU.ActiveCfg = Debug|Any CPU
		{C3FFA8E8-DBC3-4198-9474-724034DAD4EF}.Debug|Any CPU.Build.0 = Debug|Any CPU
		{C3FFA8E8-DBC3-4198-9474-724034DAD4EF}.Debug|ARM.ActiveCfg = Debug|Any CPU
		{C3FFA8E8-DBC3-4198-9474-724034DAD4EF}.Debug|ARM.Build.0 = Debug|Any CPU
		{C3FFA8E8-DBC3-4198-9474-724034DAD4EF}.Debug|ARM64.ActiveCfg = Debug|Any CPU
		{C3FFA8E8-DBC3-4198-9474-724034DAD4EF}.Debug|ARM64.Build.0 = Debug|Any CPU
		{C3FFA8E8-DBC3-4198-9474-724034DAD4EF}.Debug|x64.ActiveCfg = Debug|Any CPU
		{C3FFA8E8-DBC3-4198-9474-724034DAD4EF}.Debug|x64.Build.0 = Debug|Any CPU
		{C3FFA8E8-DBC3-4198-9474-724034DAD4EF}.Debug|x86.ActiveCfg = Debug|Any CPU
		{C3FFA8E8-DBC3-4198-9474-724034DAD4EF}.Debug|x86.Build.0 = Debug|Any CPU
		{C3FFA8E8-DBC3-4198-9474-724034DAD4EF}.Release|Any CPU.ActiveCfg = Release|Any CPU
		{C3FFA8E8-DBC3-4198-9474-724034DAD4EF}.Release|Any CPU.Build.0 = Release|Any CPU
		{C3FFA8E8-DBC3-4198-9474-724034DAD4EF}.Release|ARM.ActiveCfg = Release|Any CPU
		{C3FFA8E8-DBC3-4198-9474-724034DAD4EF}.Release|ARM.Build.0 = Release|Any CPU
		{C3FFA8E8-DBC3-4198-9474-724034DAD4EF}.Release|ARM64.ActiveCfg = Release|Any CPU
		{C3FFA8E8-DBC3-4198-9474-724034DAD4EF}.Release|ARM64.Build.0 = Release|Any CPU
		{C3FFA8E8-DBC3-4198-9474-724034DAD4EF}.Release|x64.ActiveCfg = Release|Any CPU
		{C3FFA8E8-DBC3-4198-9474-724034DAD4EF}.Release|x64.Build.0 = Release|Any CPU
		{C3FFA8E8-DBC3-4198-9474-724034DAD4EF}.Release|x86.ActiveCfg = Release|Any CPU
		{C3FFA8E8-DBC3-4198-9474-724034DAD4EF}.Release|x86.Build.0 = Release|Any CPU
	EndGlobalSection
	GlobalSection(SolutionProperties) = preSolution
		HideSolutionNode = FALSE
	EndGlobalSection
	GlobalSection(ExtensibilityGlobals) = postSolution
		SolutionGuid = {0D73487A-8FB7-48D4-BB74-AB64F566766C}
	EndGlobalSection
EndGlobal
