
Microsoft Visual Studio Solution File, Format Version 12.00
# Visual Studio Version 16
VisualStudioVersion = 16.0.30621.155
MinimumVisualStudioVersion = 10.0.40219.1
Project("{FAE04EC0-301F-11D3-BF4B-00C04F79EFBC}") = "SNRHos", "SNRHos\SNRHos.csproj", "{C3FFA8E8-DBC3-4198-9474-724034DAD4EF}"
EndProject
Global
	GlobalSection(SolutionConfigurationPlatforms) = preSolution
		Debug|Any CPU = Debug|Any CPU
		Release|Any CPU = Release|Any CPU
	EndGlobalSection
	GlobalSection(ProjectConfigurationPlatforms) = postSolution
		{C3FFA8E8-DBC3-4198-9474-724034DAD4EF}.Debug|Any CPU.ActiveCfg = Debug|Any CPU
		{C3FFA8E8-DBC3-4198-9474-724034DAD4EF}.Debug|Any CPU.Build.0 = Debug|Any CPU
		{C3FFA8E8-DBC3-4198-9474-724034DAD4EF}.Release|Any CPU.ActiveCfg = Release|Any CPU
		{C3FFA8E8-DBC3-4198-9474-724034DAD4EF}.Release|Any CPU.Build.0 = Release|Any CPU
	EndGlobalSection
	GlobalSection(SolutionProperties) = preSolution
		HideSolutionNode = FALSE
	EndGlobalSection
	GlobalSection(ExtensibilityGlobals) = postSolution
		SolutionGuid = {0D73487A-8FB7-48D4-BB74-AB64F566766C}
	EndGlobalSection
EndGlobal
