
Microsoft Visual Studio Solution File, Format Version 12.00
# Visual Studio Version 16
VisualStudioVersion = 16.0.30621.155
MinimumVisualStudioVersion = 10.0.40219.1
Project("{FAE04EC0-301F-11D3-BF4B-00C04F79EFBC}") = "SNRHos", "SNRHos\SNRHos.csproj", "{08B02A9C-463E-47CB-9627-705DF12B434B}"
EndProject
Project("{FAE04EC0-301F-11D3-BF4B-00C04F79EFBC}") = "FNRH", "..\FNRH\FNRH\FNRH.csproj", "{99D3EBAE-6E13-4801-827E-705A903E6899}"
EndProject
Global
	GlobalSection(SolutionConfigurationPlatforms) = preSolution
		Debug|Any CPU = Debug|Any CPU
		Debug|ARM = Debug|ARM
		Debug|ARM64 = Debug|ARM64
		Debug|x64 = Debug|x64
		Debug|x86 = Debug|x86
		Release|Any CPU = Release|Any CPU
		Release|ARM = Release|ARM
		Release|ARM64 = Release|ARM64
		Release|x64 = Release|x64
		Release|x86 = Release|x86
	EndGlobalSection
	GlobalSection(ProjectConfigurationPlatforms) = postSolution
		{08B02A9C-463E-47CB-9627-705DF12B434B}.Debug|Any CPU.ActiveCfg = Debug|x86
		{08B02A9C-463E-47CB-9627-705DF12B434B}.Debug|ARM.ActiveCfg = Debug|ARM
		{08B02A9C-463E-47CB-9627-705DF12B434B}.Debug|ARM.Build.0 = Debug|ARM
		{08B02A9C-463E-47CB-9627-705DF12B434B}.Debug|ARM.Deploy.0 = Debug|ARM
		{08B02A9C-463E-47CB-9627-705DF12B434B}.Debug|ARM64.ActiveCfg = Debug|ARM64
		{08B02A9C-463E-47CB-9627-705DF12B434B}.Debug|ARM64.Build.0 = Debug|ARM64
		{08B02A9C-463E-47CB-9627-705DF12B434B}.Debug|ARM64.Deploy.0 = Debug|ARM64
		{08B02A9C-463E-47CB-9627-705DF12B434B}.Debug|x64.ActiveCfg = Debug|x64
		{08B02A9C-463E-47CB-9627-705DF12B434B}.Debug|x64.Build.0 = Debug|x64
		{08B02A9C-463E-47CB-9627-705DF12B434B}.Debug|x64.Deploy.0 = Debug|x64
		{08B02A9C-463E-47CB-9627-705DF12B434B}.Debug|x86.ActiveCfg = Debug|x86
		{08B02A9C-463E-47CB-9627-705DF12B434B}.Debug|x86.Build.0 = Debug|x86
		{08B02A9C-463E-47CB-9627-705DF12B434B}.Debug|x86.Deploy.0 = Debug|x86
		{08B02A9C-463E-47CB-9627-705DF12B434B}.Release|Any CPU.ActiveCfg = Release|x86
		{08B02A9C-463E-47CB-9627-705DF12B434B}.Release|ARM.ActiveCfg = Release|ARM
		{08B02A9C-463E-47CB-9627-705DF12B434B}.Release|ARM.Build.0 = Release|ARM
		{08B02A9C-463E-47CB-9627-705DF12B434B}.Release|ARM.Deploy.0 = Release|ARM
		{08B02A9C-463E-47CB-9627-705DF12B434B}.Release|ARM64.ActiveCfg = Release|ARM64
		{08B02A9C-463E-47CB-9627-705DF12B434B}.Release|ARM64.Build.0 = Release|ARM64
		{08B02A9C-463E-47CB-9627-705DF12B434B}.Release|ARM64.Deploy.0 = Release|ARM64
		{08B02A9C-463E-47CB-9627-705DF12B434B}.Release|x64.ActiveCfg = Release|x64
		{08B02A9C-463E-47CB-9627-705DF12B434B}.Release|x64.Build.0 = Release|x64
		{08B02A9C-463E-47CB-9627-705DF12B434B}.Release|x64.Deploy.0 = Release|x64
		{08B02A9C-463E-47CB-9627-705DF12B434B}.Release|x86.ActiveCfg = Release|x86
		{08B02A9C-463E-47CB-9627-705DF12B434B}.Release|x86.Build.0 = Release|x86
		{08B02A9C-463E-47CB-9627-705DF12B434B}.Release|x86.Deploy.0 = Release|x86
		{99D3EBAE-6E13-4801-827E-705A903E6899}.Debug|Any CPU.ActiveCfg = Debug|Any CPU
		{99D3EBAE-6E13-4801-827E-705A903E6899}.Debug|Any CPU.Build.0 = Debug|Any CPU
		{99D3EBAE-6E13-4801-827E-705A903E6899}.Debug|ARM.ActiveCfg = Debug|Any CPU
		{99D3EBAE-6E13-4801-827E-705A903E6899}.Debug|ARM.Build.0 = Debug|Any CPU
		{99D3EBAE-6E13-4801-827E-705A903E6899}.Debug|ARM64.ActiveCfg = Debug|Any CPU
		{99D3EBAE-6E13-4801-827E-705A903E6899}.Debug|ARM64.Build.0 = Debug|Any CPU
		{99D3EBAE-6E13-4801-827E-705A903E6899}.Debug|x64.ActiveCfg = Debug|Any CPU
		{99D3EBAE-6E13-4801-827E-705A903E6899}.Debug|x64.Build.0 = Debug|Any CPU
		{99D3EBAE-6E13-4801-827E-705A903E6899}.Debug|x86.ActiveCfg = Debug|Any CPU
		{99D3EBAE-6E13-4801-827E-705A903E6899}.Debug|x86.Build.0 = Debug|Any CPU
		{99D3EBAE-6E13-4801-827E-705A903E6899}.Release|Any CPU.ActiveCfg = Release|Any CPU
		{99D3EBAE-6E13-4801-827E-705A903E6899}.Release|Any CPU.Build.0 = Release|Any CPU
		{99D3EBAE-6E13-4801-827E-705A903E6899}.Release|ARM.ActiveCfg = Release|Any CPU
		{99D3EBAE-6E13-4801-827E-705A903E6899}.Release|ARM.Build.0 = Release|Any CPU
		{99D3EBAE-6E13-4801-827E-705A903E6899}.Release|ARM64.ActiveCfg = Release|Any CPU
		{99D3EBAE-6E13-4801-827E-705A903E6899}.Release|ARM64.Build.0 = Release|Any CPU
		{99D3EBAE-6E13-4801-827E-705A903E6899}.Release|x64.ActiveCfg = Release|Any CPU
		{99D3EBAE-6E13-4801-827E-705A903E6899}.Release|x64.Build.0 = Release|Any CPU
		{99D3EBAE-6E13-4801-827E-705A903E6899}.Release|x86.ActiveCfg = Release|Any CPU
		{99D3EBAE-6E13-4801-827E-705A903E6899}.Release|x86.Build.0 = Release|Any CPU
	EndGlobalSection
	GlobalSection(SolutionProperties) = preSolution
		HideSolutionNode = FALSE
	EndGlobalSection
	GlobalSection(ExtensibilityGlobals) = postSolution
		SolutionGuid = {F1457D3F-6C68-41B5-B623-062EC73A2DA1}
	EndGlobalSection
EndGlobal
